// !$*UTF8*$!
{
	archiveVersion = 1;
	classes = {
	};
	objectVersion = 50;
	objects = {

/* Begin PBXBuildFile section */
		420E5B432159284500D50004 /* Circle.swift in Sources */ = {isa = PBXBuildFile; fileRef = 420E5B422159284500D50004 /* Circle.swift */; };
		420E5B45215A379000D50004 /* MyVideosViewController.swift in Sources */ = {isa = PBXBuildFile; fileRef = 420E5B44215A379000D50004 /* MyVideosViewController.swift */; };
		420E5B46215A379000D50004 /* MyVideosViewController.swift in Sources */ = {isa = PBXBuildFile; fileRef = 420E5B44215A379000D50004 /* MyVideosViewController.swift */; };
		420E5B47215A379000D50004 /* MyVideosViewController.swift in Sources */ = {isa = PBXBuildFile; fileRef = 420E5B44215A379000D50004 /* MyVideosViewController.swift */; };
		420E5B49215A37A900D50004 /* VideoHelper.swift in Sources */ = {isa = PBXBuildFile; fileRef = 420E5B48215A37A900D50004 /* VideoHelper.swift */; };
		4212C2CE2132E20E00C0D2D4 /* AppDelegate.swift in Sources */ = {isa = PBXBuildFile; fileRef = 4212C2CD2132E20E00C0D2D4 /* AppDelegate.swift */; };
		4212C2D32132E20E00C0D2D4 /* Main.storyboard in Resources */ = {isa = PBXBuildFile; fileRef = 4212C2D12132E20E00C0D2D4 /* Main.storyboard */; };
		4212C2D52132E20F00C0D2D4 /* Assets.xcassets in Resources */ = {isa = PBXBuildFile; fileRef = 4212C2D42132E20F00C0D2D4 /* Assets.xcassets */; };
		4212C2D82132E20F00C0D2D4 /* LaunchScreen.storyboard in Resources */ = {isa = PBXBuildFile; fileRef = 4212C2D62132E20F00C0D2D4 /* LaunchScreen.storyboard */; };
		4212C2FC2132F4B600C0D2D4 /* IndexViewController.swift in Sources */ = {isa = PBXBuildFile; fileRef = 4212C2FB2132F4B600C0D2D4 /* IndexViewController.swift */; };
		426F10B2217789DE00C07D46 /* 厦门观音山跑跑卡丁车.coordinates in Resources */ = {isa = PBXBuildFile; fileRef = 426F10B1217789DE00C07D46 /* 厦门观音山跑跑卡丁车.coordinates */; };
		427DE4102133ADDA00AB5C7C /* VideoPreviewView.swift in Sources */ = {isa = PBXBuildFile; fileRef = 427DE40F2133ADDA00AB5C7C /* VideoPreviewView.swift */; };
		427DE4122133C12800AB5C7C /* IDETemplateMacros.plist in Resources */ = {isa = PBXBuildFile; fileRef = 427DE4112133C12800AB5C7C /* IDETemplateMacros.plist */; };
		427DE4202133D0D000AB5C7C /* VideoViewController.swift in Sources */ = {isa = PBXBuildFile; fileRef = 427DE41F2133D0D000AB5C7C /* VideoViewController.swift */; };
/* End PBXBuildFile section */

/* Begin PBXContainerItemProxy section */
		4212C2DF2132E20F00C0D2D4 /* PBXContainerItemProxy */ = {
			isa = PBXContainerItemProxy;
			containerPortal = 4212C2C22132E20E00C0D2D4 /* Project object */;
			proxyType = 1;
			remoteGlobalIDString = 4212C2C92132E20E00C0D2D4;
			remoteInfo = RaceMaster;
		};
		4212C2EA2132E20F00C0D2D4 /* PBXContainerItemProxy */ = {
			isa = PBXContainerItemProxy;
			containerPortal = 4212C2C22132E20E00C0D2D4 /* Project object */;
			proxyType = 1;
			remoteGlobalIDString = 4212C2C92132E20E00C0D2D4;
			remoteInfo = RaceMaster;
		};
/* End PBXContainerItemProxy section */

/* Begin PBXFileReference section */
		420E5B422159284500D50004 /* Circle.swift */ = {isa = PBXFileReference; lastKnownFileType = sourcecode.swift; path = Circle.swift; sourceTree = "<group>"; };
		420E5B44215A379000D50004 /* MyVideosViewController.swift */ = {isa = PBXFileReference; fileEncoding = 4; lastKnownFileType = sourcecode.swift; path = MyVideosViewController.swift; sourceTree = "<group>"; };
		420E5B48215A37A900D50004 /* VideoHelper.swift */ = {isa = PBXFileReference; fileEncoding = 4; lastKnownFileType = sourcecode.swift; path = VideoHelper.swift; sourceTree = "<group>"; };
		4212C2CA2132E20E00C0D2D4 /* RaceMaster.app */ = {isa = PBXFileReference; explicitFileType = wrapper.application; includeInIndex = 0; path = RaceMaster.app; sourceTree = BUILT_PRODUCTS_DIR; };
		4212C2CD2132E20E00C0D2D4 /* AppDelegate.swift */ = {isa = PBXFileReference; lastKnownFileType = sourcecode.swift; path = AppDelegate.swift; sourceTree = "<group>"; };
		4212C2D22132E20E00C0D2D4 /* Base */ = {isa = PBXFileReference; lastKnownFileType = file.storyboard; name = Base; path = Base.lproj/Main.storyboard; sourceTree = "<group>"; };
		4212C2D42132E20F00C0D2D4 /* Assets.xcassets */ = {isa = PBXFileReference; lastKnownFileType = folder.assetcatalog; path = Assets.xcassets; sourceTree = "<group>"; };
		4212C2D72132E20F00C0D2D4 /* Base */ = {isa = PBXFileReference; lastKnownFileType = file.storyboard; name = Base; path = Base.lproj/LaunchScreen.storyboard; sourceTree = "<group>"; };
		4212C2D92132E20F00C0D2D4 /* Info.plist */ = {isa = PBXFileReference; lastKnownFileType = text.plist.xml; path = Info.plist; sourceTree = "<group>"; };
		4212C2DE2132E20F00C0D2D4 /* RaceMasterTests.xctest */ = {isa = PBXFileReference; explicitFileType = wrapper.cfbundle; includeInIndex = 0; path = RaceMasterTests.xctest; sourceTree = BUILT_PRODUCTS_DIR; };
		4212C2E42132E20F00C0D2D4 /* Info.plist */ = {isa = PBXFileReference; lastKnownFileType = text.plist.xml; path = Info.plist; sourceTree = "<group>"; };
		4212C2E92132E20F00C0D2D4 /* RaceMasterUITests.xctest */ = {isa = PBXFileReference; explicitFileType = wrapper.cfbundle; includeInIndex = 0; path = RaceMasterUITests.xctest; sourceTree = BUILT_PRODUCTS_DIR; };
		4212C2EF2132E20F00C0D2D4 /* Info.plist */ = {isa = PBXFileReference; lastKnownFileType = text.plist.xml; path = Info.plist; sourceTree = "<group>"; };
		4212C2FB2132F4B600C0D2D4 /* IndexViewController.swift */ = {isa = PBXFileReference; lastKnownFileType = sourcecode.swift; path = IndexViewController.swift; sourceTree = "<group>"; };
		426F10B1217789DE00C07D46 /* 厦门观音山跑跑卡丁车.coordinates */ = {isa = PBXFileReference; fileEncoding = 4; lastKnownFileType = text; name = "厦门观音山跑跑卡丁车.coordinates"; path = "../../map_generator/coordinates/厦门观音山跑跑卡丁车.coordinates"; sourceTree = "<group>"; };
		427DE40F2133ADDA00AB5C7C /* VideoPreviewView.swift */ = {isa = PBXFileReference; lastKnownFileType = sourcecode.swift; path = VideoPreviewView.swift; sourceTree = "<group>"; };
		427DE4112133C12800AB5C7C /* IDETemplateMacros.plist */ = {isa = PBXFileReference; lastKnownFileType = text.plist.xml; path = IDETemplateMacros.plist; sourceTree = "<group>"; };
		427DE41F2133D0D000AB5C7C /* VideoViewController.swift */ = {isa = PBXFileReference; lastKnownFileType = sourcecode.swift; path = VideoViewController.swift; sourceTree = "<group>"; };
/* End PBXFileReference section */

/* Begin PBXFrameworksBuildPhase section */
		4212C2C72132E20E00C0D2D4 /* Frameworks */ = {
			isa = PBXFrameworksBuildPhase;
			buildActionMask = 2147483647;
			files = (
			);
			runOnlyForDeploymentPostprocessing = 0;
		};
		4212C2DB2132E20F00C0D2D4 /* Frameworks */ = {
			isa = PBXFrameworksBuildPhase;
			buildActionMask = 2147483647;
			files = (
			);
			runOnlyForDeploymentPostprocessing = 0;
		};
		4212C2E62132E20F00C0D2D4 /* Frameworks */ = {
			isa = PBXFrameworksBuildPhase;
			buildActionMask = 2147483647;
			files = (
			);
			runOnlyForDeploymentPostprocessing = 0;
		};
/* End PBXFrameworksBuildPhase section */

/* Begin PBXGroup section */
		4212C2C12132E20E00C0D2D4 = {
			isa = PBXGroup;
			children = (
				427DE4112133C12800AB5C7C /* IDETemplateMacros.plist */,
				4212C2CC2132E20E00C0D2D4 /* RaceMaster */,
				4212C2E12132E20F00C0D2D4 /* RaceMasterTests */,
				4212C2EC2132E20F00C0D2D4 /* RaceMasterUITests */,
				4212C2CB2132E20E00C0D2D4 /* Products */,
			);
			sourceTree = "<group>";
		};
		4212C2CB2132E20E00C0D2D4 /* Products */ = {
			isa = PBXGroup;
			children = (
				4212C2CA2132E20E00C0D2D4 /* RaceMaster.app */,
				4212C2DE2132E20F00C0D2D4 /* RaceMasterTests.xctest */,
				4212C2E92132E20F00C0D2D4 /* RaceMasterUITests.xctest */,
			);
			name = Products;
			sourceTree = "<group>";
		};
		4212C2CC2132E20E00C0D2D4 /* RaceMaster */ = {
			isa = PBXGroup;
			children = (
				426F10B1217789DE00C07D46 /* 厦门观音山跑跑卡丁车.coordinates */,
				4212C2FB2132F4B600C0D2D4 /* IndexViewController.swift */,
				4212C2CD2132E20E00C0D2D4 /* AppDelegate.swift */,
				4212C2D12132E20E00C0D2D4 /* Main.storyboard */,
				427DE41F2133D0D000AB5C7C /* VideoViewController.swift */,
				420E5B44215A379000D50004 /* MyVideosViewController.swift */,
				420E5B48215A37A900D50004 /* VideoHelper.swift */,
				420E5B422159284500D50004 /* Circle.swift */,
				427DE40F2133ADDA00AB5C7C /* VideoPreviewView.swift */,
				4212C2D42132E20F00C0D2D4 /* Assets.xcassets */,
				4212C2D62132E20F00C0D2D4 /* LaunchScreen.storyboard */,
				4212C2D92132E20F00C0D2D4 /* Info.plist */,
			);
			path = RaceMaster;
			sourceTree = "<group>";
		};
		4212C2E12132E20F00C0D2D4 /* RaceMasterTests */ = {
			isa = PBXGroup;
			children = (
				4212C2E42132E20F00C0D2D4 /* Info.plist */,
			);
			path = RaceMasterTests;
			sourceTree = "<group>";
		};
		4212C2EC2132E20F00C0D2D4 /* RaceMasterUITests */ = {
			isa = PBXGroup;
			children = (
				4212C2EF2132E20F00C0D2D4 /* Info.plist */,
			);
			path = RaceMasterUITests;
			sourceTree = "<group>";
		};
/* End PBXGroup section */

/* Begin PBXNativeTarget section */
		4212C2C92132E20E00C0D2D4 /* RaceMaster */ = {
			isa = PBXNativeTarget;
			buildConfigurationList = 4212C2F22132E20F00C0D2D4 /* Build configuration list for PBXNativeTarget "RaceMaster" */;
			buildPhases = (
				4212C2C62132E20E00C0D2D4 /* Sources */,
				4212C2C72132E20E00C0D2D4 /* Frameworks */,
				4212C2C82132E20E00C0D2D4 /* Resources */,
			);
			buildRules = (
			);
			dependencies = (
			);
			name = RaceMaster;
			productName = RaceMaster;
			productReference = 4212C2CA2132E20E00C0D2D4 /* RaceMaster.app */;
			productType = "com.apple.product-type.application";
		};
		4212C2DD2132E20F00C0D2D4 /* RaceMasterTests */ = {
			isa = PBXNativeTarget;
			buildConfigurationList = 4212C2F52132E20F00C0D2D4 /* Build configuration list for PBXNativeTarget "RaceMasterTests" */;
			buildPhases = (
				4212C2DA2132E20F00C0D2D4 /* Sources */,
				4212C2DB2132E20F00C0D2D4 /* Frameworks */,
				4212C2DC2132E20F00C0D2D4 /* Resources */,
			);
			buildRules = (
			);
			dependencies = (
				4212C2E02132E20F00C0D2D4 /* PBXTargetDependency */,
			);
			name = RaceMasterTests;
			productName = RaceMasterTests;
			productReference = 4212C2DE2132E20F00C0D2D4 /* RaceMasterTests.xctest */;
			productType = "com.apple.product-type.bundle.unit-test";
		};
		4212C2E82132E20F00C0D2D4 /* RaceMasterUITests */ = {
			isa = PBXNativeTarget;
			buildConfigurationList = 4212C2F82132E20F00C0D2D4 /* Build configuration list for PBXNativeTarget "RaceMasterUITests" */;
			buildPhases = (
				4212C2E52132E20F00C0D2D4 /* Sources */,
				4212C2E62132E20F00C0D2D4 /* Frameworks */,
				4212C2E72132E20F00C0D2D4 /* Resources */,
			);
			buildRules = (
			);
			dependencies = (
				4212C2EB2132E20F00C0D2D4 /* PBXTargetDependency */,
			);
			name = RaceMasterUITests;
			productName = RaceMasterUITests;
			productReference = 4212C2E92132E20F00C0D2D4 /* RaceMasterUITests.xctest */;
			productType = "com.apple.product-type.bundle.ui-testing";
		};
/* End PBXNativeTarget section */

/* Begin PBXProject section */
		4212C2C22132E20E00C0D2D4 /* Project object */ = {
			isa = PBXProject;
			attributes = {
				LastSwiftUpdateCheck = 0940;
				LastUpgradeCheck = 0940;
				ORGANIZATIONNAME = "赛道控";
				TargetAttributes = {
					4212C2C92132E20E00C0D2D4 = {
						CreatedOnToolsVersion = 9.4.1;
						LastSwiftMigration = 1000;
					};
					4212C2DD2132E20F00C0D2D4 = {
						CreatedOnToolsVersion = 9.4.1;
						LastSwiftMigration = 1000;
						TestTargetID = 4212C2C92132E20E00C0D2D4;
					};
					4212C2E82132E20F00C0D2D4 = {
						CreatedOnToolsVersion = 9.4.1;
						LastSwiftMigration = 1000;
						TestTargetID = 4212C2C92132E20E00C0D2D4;
					};
				};
			};
			buildConfigurationList = 4212C2C52132E20E00C0D2D4 /* Build configuration list for PBXProject "RaceMaster" */;
			compatibilityVersion = "Xcode 9.3";
			developmentRegion = en;
			hasScannedForEncodings = 0;
			knownRegions = (
				en,
				Base,
			);
			mainGroup = 4212C2C12132E20E00C0D2D4;
			productRefGroup = 4212C2CB2132E20E00C0D2D4 /* Products */;
			projectDirPath = "";
			projectRoot = "";
			targets = (
				4212C2C92132E20E00C0D2D4 /* RaceMaster */,
				4212C2DD2132E20F00C0D2D4 /* RaceMasterTests */,
				4212C2E82132E20F00C0D2D4 /* RaceMasterUITests */,
			);
		};
/* End PBXProject section */

/* Begin PBXResourcesBuildPhase section */
		4212C2C82132E20E00C0D2D4 /* Resources */ = {
			isa = PBXResourcesBuildPhase;
			buildActionMask = 2147483647;
			files = (
				427DE4122133C12800AB5C7C /* IDETemplateMacros.plist in Resources */,
				426F10B2217789DE00C07D46 /* 厦门观音山跑跑卡丁车.coordinates in Resources */,
				4212C2D82132E20F00C0D2D4 /* LaunchScreen.storyboard in Resources */,
				4212C2D52132E20F00C0D2D4 /* Assets.xcassets in Resources */,
				4212C2D32132E20E00C0D2D4 /* Main.storyboard in Resources */,
			);
			runOnlyForDeploymentPostprocessing = 0;
		};
		4212C2DC2132E20F00C0D2D4 /* Resources */ = {
			isa = PBXResourcesBuildPhase;
			buildActionMask = 2147483647;
			files = (
			);
			runOnlyForDeploymentPostprocessing = 0;
		};
		4212C2E72132E20F00C0D2D4 /* Resources */ = {
			isa = PBXResourcesBuildPhase;
			buildActionMask = 2147483647;
			files = (
			);
			runOnlyForDeploymentPostprocessing = 0;
		};
/* End PBXResourcesBuildPhase section */

/* Begin PBXSourcesBuildPhase section */
		4212C2C62132E20E00C0D2D4 /* Sources */ = {
			isa = PBXSourcesBuildPhase;
			buildActionMask = 2147483647;
			files = (
				420E5B432159284500D50004 /* Circle.swift in Sources */,
				427DE4102133ADDA00AB5C7C /* VideoPreviewView.swift in Sources */,
				420E5B49215A37A900D50004 /* VideoHelper.swift in Sources */,
				4212C2FC2132F4B600C0D2D4 /* IndexViewController.swift in Sources */,
				427DE4202133D0D000AB5C7C /* VideoViewController.swift in Sources */,
				420E5B45215A379000D50004 /* MyVideosViewController.swift in Sources */,
				4212C2CE2132E20E00C0D2D4 /* AppDelegate.swift in Sources */,
			);
			runOnlyForDeploymentPostprocessing = 0;
		};
		4212C2DA2132E20F00C0D2D4 /* Sources */ = {
			isa = PBXSourcesBuildPhase;
			buildActionMask = 2147483647;
			files = (
				420E5B46215A379000D50004 /* MyVideosViewController.swift in Sources */,
			);
			runOnlyForDeploymentPostprocessing = 0;
		};
		4212C2E52132E20F00C0D2D4 /* Sources */ = {
			isa = PBXSourcesBuildPhase;
			buildActionMask = 2147483647;
			files = (
				420E5B47215A379000D50004 /* MyVideosViewController.swift in Sources */,
			);
			runOnlyForDeploymentPostprocessing = 0;
		};
/* End PBXSourcesBuildPhase section */

/* Begin PBXTargetDependency section */
		4212C2E02132E20F00C0D2D4 /* PBXTargetDependency */ = {
			isa = PBXTargetDependency;
			target = 4212C2C92132E20E00C0D2D4 /* RaceMaster */;
			targetProxy = 4212C2DF2132E20F00C0D2D4 /* PBXContainerItemProxy */;
		};
		4212C2EB2132E20F00C0D2D4 /* PBXTargetDependency */ = {
			isa = PBXTargetDependency;
			target = 4212C2C92132E20E00C0D2D4 /* RaceMaster */;
			targetProxy = 4212C2EA2132E20F00C0D2D4 /* PBXContainerItemProxy */;
		};
/* End PBXTargetDependency section */

/* Begin PBXVariantGroup section */
		4212C2D12132E20E00C0D2D4 /* Main.storyboard */ = {
			isa = PBXVariantGroup;
			children = (
				4212C2D22132E20E00C0D2D4 /* Base */,
			);
			name = Main.storyboard;
			sourceTree = "<group>";
		};
		4212C2D62132E20F00C0D2D4 /* LaunchScreen.storyboard */ = {
			isa = PBXVariantGroup;
			children = (
				4212C2D72132E20F00C0D2D4 /* Base */,
			);
			name = LaunchScreen.storyboard;
			sourceTree = "<group>";
		};
/* End PBXVariantGroup section */

/* Begin XCBuildConfiguration section */
		4212C2F02132E20F00C0D2D4 /* Debug */ = {
			isa = XCBuildConfiguration;
			buildSettings = {
				ALWAYS_SEARCH_USER_PATHS = NO;
				CLANG_ANALYZER_NONNULL = YES;
				CLANG_ANALYZER_NUMBER_OBJECT_CONVERSION = YES_AGGRESSIVE;
				CLANG_CXX_LANGUAGE_STANDARD = "gnu++14";
				CLANG_CXX_LIBRARY = "libc++";
				CLANG_ENABLE_MODULES = YES;
				CLANG_ENABLE_OBJC_ARC = YES;
				CLANG_ENABLE_OBJC_WEAK = YES;
				CLANG_WARN_BLOCK_CAPTURE_AUTORELEASING = YES;
				CLANG_WARN_BOOL_CONVERSION = YES;
				CLANG_WARN_COMMA = YES;
				CLANG_WARN_CONSTANT_CONVERSION = YES;
				CLANG_WARN_DEPRECATED_OBJC_IMPLEMENTATIONS = YES;
				CLANG_WARN_DIRECT_OBJC_ISA_USAGE = YES_ERROR;
				CLANG_WARN_DOCUMENTATION_COMMENTS = YES;
				CLANG_WARN_EMPTY_BODY = YES;
				CLANG_WARN_ENUM_CONVERSION = YES;
				CLANG_WARN_INFINITE_RECURSION = YES;
				CLANG_WARN_INT_CONVERSION = YES;
				CLANG_WARN_NON_LITERAL_NULL_CONVERSION = YES;
				CLANG_WARN_OBJC_IMPLICIT_RETAIN_SELF = YES;
				CLANG_WARN_OBJC_LITERAL_CONVERSION = YES;
				CLANG_WARN_OBJC_ROOT_CLASS = YES_ERROR;
				CLANG_WARN_RANGE_LOOP_ANALYSIS = YES;
				CLANG_WARN_STRICT_PROTOTYPES = YES;
				CLANG_WARN_SUSPICIOUS_MOVE = YES;
				CLANG_WARN_UNGUARDED_AVAILABILITY = YES_AGGRESSIVE;
				CLANG_WARN_UNREACHABLE_CODE = YES;
				CLANG_WARN__DUPLICATE_METHOD_MATCH = YES;
				CODE_SIGN_IDENTITY = "iPhone Developer";
				COPY_PHASE_STRIP = NO;
				DEBUG_INFORMATION_FORMAT = dwarf;
				ENABLE_STRICT_OBJC_MSGSEND = YES;
				ENABLE_TESTABILITY = YES;
				GCC_C_LANGUAGE_STANDARD = gnu11;
				GCC_DYNAMIC_NO_PIC = NO;
				GCC_NO_COMMON_BLOCKS = YES;
				GCC_OPTIMIZATION_LEVEL = 0;
				GCC_PREPROCESSOR_DEFINITIONS = (
					"DEBUG=1",
					"$(inherited)",
				);
				GCC_WARN_64_TO_32_BIT_CONVERSION = YES;
				GCC_WARN_ABOUT_RETURN_TYPE = YES_ERROR;
				GCC_WARN_UNDECLARED_SELECTOR = YES;
				GCC_WARN_UNINITIALIZED_AUTOS = YES_AGGRESSIVE;
				GCC_WARN_UNUSED_FUNCTION = YES;
				GCC_WARN_UNUSED_VARIABLE = YES;
				IPHONEOS_DEPLOYMENT_TARGET = 11.4;
				MTL_ENABLE_DEBUG_INFO = YES;
				ONLY_ACTIVE_ARCH = YES;
				SDKROOT = iphoneos;
				SWIFT_ACTIVE_COMPILATION_CONDITIONS = DEBUG;
				SWIFT_OPTIMIZATION_LEVEL = "-Onone";
			};
			name = Debug;
		};
		4212C2F12132E20F00C0D2D4 /* Release */ = {
			isa = XCBuildConfiguration;
			buildSettings = {
				ALWAYS_SEARCH_USER_PATHS = NO;
				CLANG_ANALYZER_NONNULL = YES;
				CLANG_ANALYZER_NUMBER_OBJECT_CONVERSION = YES_AGGRESSIVE;
				CLANG_CXX_LANGUAGE_STANDARD = "gnu++14";
				CLANG_CXX_LIBRARY = "libc++";
				CLANG_ENABLE_MODULES = YES;
				CLANG_ENABLE_OBJC_ARC = YES;
				CLANG_ENABLE_OBJC_WEAK = YES;
				CLANG_WARN_BLOCK_CAPTURE_AUTORELEASING = YES;
				CLANG_WARN_BOOL_CONVERSION = YES;
				CLANG_WARN_COMMA = YES;
				CLANG_WARN_CONSTANT_CONVERSION = YES;
				CLANG_WARN_DEPRECATED_OBJC_IMPLEMENTATIONS = YES;
				CLANG_WARN_DIRECT_OBJC_ISA_USAGE = YES_ERROR;
				CLANG_WARN_DOCUMENTATION_COMMENTS = YES;
				CLANG_WARN_EMPTY_BODY = YES;
				CLANG_WARN_ENUM_CONVERSION = YES;
				CLANG_WARN_INFINITE_RECURSION = YES;
				CLANG_WARN_INT_CONVERSION = YES;
				CLANG_WARN_NON_LITERAL_NULL_CONVERSION = YES;
				CLANG_WARN_OBJC_IMPLICIT_RETAIN_SELF = YES;
				CLANG_WARN_OBJC_LITERAL_CONVERSION = YES;
				CLANG_WARN_OBJC_ROOT_CLASS = YES_ERROR;
				CLANG_WARN_RANGE_LOOP_ANALYSIS = YES;
				CLANG_WARN_STRICT_PROTOTYPES = YES;
				CLANG_WARN_SUSPICIOUS_MOVE = YES;
				CLANG_WARN_UNGUARDED_AVAILABILITY = YES_AGGRESSIVE;
				CLANG_WARN_UNREACHABLE_CODE = YES;
				CLANG_WARN__DUPLICATE_METHOD_MATCH = YES;
				CODE_SIGN_IDENTITY = "iPhone Developer";
				COPY_PHASE_STRIP = NO;
				DEBUG_INFORMATION_FORMAT = "dwarf-with-dsym";
				ENABLE_NS_ASSERTIONS = NO;
				ENABLE_STRICT_OBJC_MSGSEND = YES;
				GCC_C_LANGUAGE_STANDARD = gnu11;
				GCC_NO_COMMON_BLOCKS = YES;
				GCC_WARN_64_TO_32_BIT_CONVERSION = YES;
				GCC_WARN_ABOUT_RETURN_TYPE = YES_ERROR;
				GCC_WARN_UNDECLARED_SELECTOR = YES;
				GCC_WARN_UNINITIALIZED_AUTOS = YES_AGGRESSIVE;
				GCC_WARN_UNUSED_FUNCTION = YES;
				GCC_WARN_UNUSED_VARIABLE = YES;
				IPHONEOS_DEPLOYMENT_TARGET = 11.4;
				MTL_ENABLE_DEBUG_INFO = NO;
				SDKROOT = iphoneos;
				SWIFT_COMPILATION_MODE = wholemodule;
				SWIFT_OPTIMIZATION_LEVEL = "-O";
				VALIDATE_PRODUCT = YES;
			};
			name = Release;
		};
		4212C2F32132E20F00C0D2D4 /* Debug */ = {
			isa = XCBuildConfiguration;
			buildSettings = {
				ASSETCATALOG_COMPILER_APPICON_NAME = AppIcon;
				CODE_SIGN_IDENTITY = "iPhone Developer";
				CODE_SIGN_STYLE = Automatic;
				DEVELOPMENT_TEAM = 9A8W96X9KP;
				INFOPLIST_FILE = RaceMaster/Info.plist;
				IPHONEOS_DEPLOYMENT_TARGET = 11.2;
				LD_RUNPATH_SEARCH_PATHS = (
					"$(inherited)",
					"@executable_path/Frameworks",
				);
				PRODUCT_BUNDLE_IDENTIFIER = com.racemaster.RaceMaster;
				PRODUCT_NAME = "$(TARGET_NAME)";
				PROVISIONING_PROFILE_SPECIFIER = "";
				SWIFT_VERSION = 4.2;
				TARGETED_DEVICE_FAMILY = "1,2";
			};
			name = Debug;
		};
		4212C2F42132E20F00C0D2D4 /* Release */ = {
			isa = XCBuildConfiguration;
			buildSettings = {
				ASSETCATALOG_COMPILER_APPICON_NAME = AppIcon;
				CODE_SIGN_IDENTITY = "iPhone Developer";
				CODE_SIGN_STYLE = Automatic;
				DEVELOPMENT_TEAM = 9A8W96X9KP;
				INFOPLIST_FILE = RaceMaster/Info.plist;
				IPHONEOS_DEPLOYMENT_TARGET = 11.2;
				LD_RUNPATH_SEARCH_PATHS = (
					"$(inherited)",
					"@executable_path/Frameworks",
				);
				PRODUCT_BUNDLE_IDENTIFIER = com.racemaster.RaceMaster;
				PRODUCT_NAME = "$(TARGET_NAME)";
				PROVISIONING_PROFILE_SPECIFIER = "";
				SWIFT_VERSION = 4.2;
				TARGETED_DEVICE_FAMILY = "1,2";
			};
			name = Release;
		};
		4212C2F62132E20F00C0D2D4 /* Debug */ = {
			isa = XCBuildConfiguration;
			buildSettings = {
				ALWAYS_EMBED_SWIFT_STANDARD_LIBRARIES = YES;
				BUNDLE_LOADER = "$(TEST_HOST)";
				CODE_SIGN_STYLE = Automatic;
				DEVELOPMENT_TEAM = 9A8W96X9KP;
				INFOPLIST_FILE = RaceMasterTests/Info.plist;
				LD_RUNPATH_SEARCH_PATHS = (
					"$(inherited)",
					"@executable_path/Frameworks",
					"@loader_path/Frameworks",
				);
				PRODUCT_BUNDLE_IDENTIFIER = com.racemaster.RaceMasterTests;
				PRODUCT_NAME = "$(TARGET_NAME)";
				SWIFT_VERSION = 4.2;
				TARGETED_DEVICE_FAMILY = "1,2";
				TEST_HOST = "$(BUILT_PRODUCTS_DIR)/RaceMaster.app/RaceMaster";
			};
			name = Debug;
		};
		4212C2F72132E20F00C0D2D4 /* Release */ = {
			isa = XCBuildConfiguration;
			buildSettings = {
				ALWAYS_EMBED_SWIFT_STANDARD_LIBRARIES = YES;
				BUNDLE_LOADER = "$(TEST_HOST)";
				CODE_SIGN_STYLE = Automatic;
				DEVELOPMENT_TEAM = 9A8W96X9KP;
				INFOPLIST_FILE = RaceMasterTests/Info.plist;
				LD_RUNPATH_SEARCH_PATHS = (
					"$(inherited)",
					"@executable_path/Frameworks",
					"@loader_path/Frameworks",
				);
				PRODUCT_BUNDLE_IDENTIFIER = com.racemaster.RaceMasterTests;
				PRODUCT_NAME = "$(TARGET_NAME)";
				SWIFT_VERSION = 4.2;
				TARGETED_DEVICE_FAMILY = "1,2";
				TEST_HOST = "$(BUILT_PRODUCTS_DIR)/RaceMaster.app/RaceMaster";
			};
			name = Release;
		};
		4212C2F92132E20F00C0D2D4 /* Debug */ = {
			isa = XCBuildConfiguration;
			buildSettings = {
				ALWAYS_EMBED_SWIFT_STANDARD_LIBRARIES = YES;
				CODE_SIGN_STYLE = Automatic;
				DEVELOPMENT_TEAM = 9A8W96X9KP;
				INFOPLIST_FILE = RaceMasterUITests/Info.plist;
				LD_RUNPATH_SEARCH_PATHS = (
					"$(inherited)",
					"@executable_path/Frameworks",
					"@loader_path/Frameworks",
				);
				PRODUCT_BUNDLE_IDENTIFIER = com.racemaster.RaceMasterUITests;
				PRODUCT_NAME = "$(TARGET_NAME)";
				SWIFT_VERSION = 4.2;
				TARGETED_DEVICE_FAMILY = "1,2";
				TEST_TARGET_NAME = RaceMaster;
			};
			name = Debug;
		};
		4212C2FA2132E20F00C0D2D4 /* Release */ = {
			isa = XCBuildConfiguration;
			buildSettings = {
				ALWAYS_EMBED_SWIFT_STANDARD_LIBRARIES = YES;
				CODE_SIGN_STYLE = Automatic;
				DEVELOPMENT_TEAM = 9A8W96X9KP;
				INFOPLIST_FILE = RaceMasterUITests/Info.plist;
				LD_RUNPATH_SEARCH_PATHS = (
					"$(inherited)",
					"@executable_path/Frameworks",
					"@loader_path/Frameworks",
				);
				PRODUCT_BUNDLE_IDENTIFIER = com.racemaster.RaceMasterUITests;
				PRODUCT_NAME = "$(TARGET_NAME)";
				SWIFT_VERSION = 4.2;
				TARGETED_DEVICE_FAMILY = "1,2";
				TEST_TARGET_NAME = RaceMaster;
			};
			name = Release;
		};
/* End XCBuildConfiguration section */

/* Begin XCConfigurationList section */
		4212C2C52132E20E00C0D2D4 /* Build configuration list for PBXProject "RaceMaster" */ = {
			isa = XCConfigurationList;
			buildConfigurations = (
				4212C2F02132E20F00C0D2D4 /* Debug */,
				4212C2F12132E20F00C0D2D4 /* Release */,
			);
			defaultConfigurationIsVisible = 0;
			defaultConfigurationName = Release;
		};
		4212C2F22132E20F00C0D2D4 /* Build configuration list for PBXNativeTarget "RaceMaster" */ = {
			isa = XCConfigurationList;
			buildConfigurations = (
				4212C2F32132E20F00C0D2D4 /* Debug */,
				4212C2F42132E20F00C0D2D4 /* Release */,
			);
			defaultConfigurationIsVisible = 0;
			defaultConfigurationName = Release;
		};
		4212C2F52132E20F00C0D2D4 /* Build configuration list for PBXNativeTarget "RaceMasterTests" */ = {
			isa = XCConfigurationList;
			buildConfigurations = (
				4212C2F62132E20F00C0D2D4 /* Debug */,
				4212C2F72132E20F00C0D2D4 /* Release */,
			);
			defaultConfigurationIsVisible = 0;
			defaultConfigurationName = Release;
		};
		4212C2F82132E20F00C0D2D4 /* Build configuration list for PBXNativeTarget "RaceMasterUITests" */ = {
			isa = XCConfigurationList;
			buildConfigurations = (
				4212C2F92132E20F00C0D2D4 /* Debug */,
				4212C2FA2132E20F00C0D2D4 /* Release */,
			);
			defaultConfigurationIsVisible = 0;
			defaultConfigurationName = Release;
		};
/* End XCConfigurationList section */
	};
	rootObject = 4212C2C22132E20E00C0D2D4 /* Project object */;
}
